
Microsoft Visual Studio Solution File, Format Version 12.00
# Visual Studio Version 17
VisualStudioVersion = 17.14.36310.24 d17.14
MinimumVisualStudioVersion = 10.0.40219.1
Project("{FAE04EC0-301F-11D3-BF4B-00C04F79EFBC}") = "Jagged_Array_Demo", "Jagged_Array_Demo.csproj", "{CAB3547A-7C39-46E6-AF17-77B015631617}"
EndProject
Global
	GlobalSection(SolutionConfigurationPlatforms) = preSolution
		Debug|Any CPU = Debug|Any CPU
		Release|Any CPU = Release|Any CPU
	EndGlobalSection
	GlobalSection(ProjectConfigurationPlatforms) = postSolution
		{CAB3547A-7C39-46E6-AF17-77B015631617}.Debug|Any CPU.ActiveCfg = Debug|Any CPU
		{CAB3547A-7C39-46E6-AF17-77B015631617}.Debug|Any CPU.Build.0 = Debug|Any CPU
		{CAB3547A-7C39-46E6-AF17-77B015631617}.Release|Any CPU.ActiveCfg = Release|Any CPU
		{CAB3547A-7C39-46E6-AF17-77B015631617}.Release|Any CPU.Build.0 = Release|Any CPU
	EndGlobalSection
	GlobalSection(SolutionProperties) = preSolution
		HideSolutionNode = FALSE
	EndGlobalSection
	GlobalSection(ExtensibilityGlobals) = postSolution
		SolutionGuid = {BB94343A-959B-44D0-BA8E-3297B1EC9859}
	EndGlobalSection
EndGlobal
