
Microsoft Visual Studio Solution File, Format Version 12.00
# Visual Studio Version 17
VisualStudioVersion = 17.14.36310.24 d17.14
MinimumVisualStudioVersion = 10.0.40219.1
Project("{FAE04EC0-301F-11D3-BF4B-00C04F79EFBC}") = "Collection_Demo", "Collection_Demo.csproj", "{3BDD11EA-E1CC-4BB5-9FDE-3AA2C85AFE97}"
EndProject
Global
	GlobalSection(SolutionConfigurationPlatforms) = preSolution
		Debug|Any CPU = Debug|Any CPU
		Release|Any CPU = Release|Any CPU
	EndGlobalSection
	GlobalSection(ProjectConfigurationPlatforms) = postSolution
		{3BDD11EA-E1CC-4BB5-9FDE-3AA2C85AFE97}.Debug|Any CPU.ActiveCfg = Debug|Any CPU
		{3BDD11EA-E1CC-4BB5-9FDE-3AA2C85AFE97}.Debug|Any CPU.Build.0 = Debug|Any CPU
		{3BDD11EA-E1CC-4BB5-9FDE-3AA2C85AFE97}.Release|Any CPU.ActiveCfg = Release|Any CPU
		{3BDD11EA-E1CC-4BB5-9FDE-3AA2C85AFE97}.Release|Any CPU.Build.0 = Release|Any CPU
	EndGlobalSection
	GlobalSection(SolutionProperties) = preSolution
		HideSolutionNode = FALSE
	EndGlobalSection
	GlobalSection(ExtensibilityGlobals) = postSolution
		SolutionGuid = {0462EB9C-7A0E-4AF0-9428-BE05A82C8C1B}
	EndGlobalSection
EndGlobal
