
Microsoft Visual Studio Solution File, Format Version 12.00
# Visual Studio Version 17
VisualStudioVersion = 17.14.36310.24
MinimumVisualStudioVersion = 10.0.40219.1
Project("{FAE04EC0-301F-11D3-BF4B-00C04F79EFBC}") = "Day_9_CodeEval_1", "Day_9_CodeEval_1.csproj", "{0E95F01E-BC30-4C60-B88D-8226E66F2F93}"
EndProject
Project("{FAE04EC0-301F-11D3-BF4B-00C04F79EFBC}") = "UnitTest1.Tests", "..\UnitTest1.Tests\UnitTest1.Tests.csproj", "{02552610-A778-45E8-ADFE-49307413E185}"
EndProject
Global
	GlobalSection(SolutionConfigurationPlatforms) = preSolution
		Debug|Any CPU = Debug|Any CPU
		Release|Any CPU = Release|Any CPU
	EndGlobalSection
	GlobalSection(ProjectConfigurationPlatforms) = postSolution
		{0E95F01E-BC30-4C60-B88D-8226E66F2F93}.Debug|Any CPU.ActiveCfg = Debug|Any CPU
		{0E95F01E-BC30-4C60-B88D-8226E66F2F93}.Debug|Any CPU.Build.0 = Debug|Any CPU
		{0E95F01E-BC30-4C60-B88D-8226E66F2F93}.Release|Any CPU.ActiveCfg = Release|Any CPU
		{0E95F01E-BC30-4C60-B88D-8226E66F2F93}.Release|Any CPU.Build.0 = Release|Any CPU
		{02552610-A778-45E8-ADFE-49307413E185}.Debug|Any CPU.ActiveCfg = Debug|Any CPU
		{02552610-A778-45E8-ADFE-49307413E185}.Debug|Any CPU.Build.0 = Debug|Any CPU
		{02552610-A778-45E8-ADFE-49307413E185}.Release|Any CPU.ActiveCfg = Release|Any CPU
		{02552610-A778-45E8-ADFE-49307413E185}.Release|Any CPU.Build.0 = Release|Any CPU
	EndGlobalSection
	GlobalSection(SolutionProperties) = preSolution
		HideSolutionNode = FALSE
	EndGlobalSection
	GlobalSection(ExtensibilityGlobals) = postSolution
		SolutionGuid = {14BF30E3-7404-49FB-901A-14CBD73A75EC}
	EndGlobalSection
EndGlobal
