
Microsoft Visual Studio Solution File, Format Version 12.00
# Visual Studio Version 17
VisualStudioVersion = 17.14.36310.24 d17.14
MinimumVisualStudioVersion = 10.0.40219.1
Project("{FAE04EC0-301F-11D3-BF4B-00C04F79EFBC}") = "File_Handling_Demo", "File_Handling_Demo.csproj", "{80752A53-CCEF-4BF2-970C-29FB2256C226}"
EndProject
Global
	GlobalSection(SolutionConfigurationPlatforms) = preSolution
		Debug|Any CPU = Debug|Any CPU
		Release|Any CPU = Release|Any CPU
	EndGlobalSection
	GlobalSection(ProjectConfigurationPlatforms) = postSolution
		{80752A53-CCEF-4BF2-970C-29FB2256C226}.Debug|Any CPU.ActiveCfg = Debug|Any CPU
		{80752A53-CCEF-4BF2-970C-29FB2256C226}.Debug|Any CPU.Build.0 = Debug|Any CPU
		{80752A53-CCEF-4BF2-970C-29FB2256C226}.Release|Any CPU.ActiveCfg = Release|Any CPU
		{80752A53-CCEF-4BF2-970C-29FB2256C226}.Release|Any CPU.Build.0 = Release|Any CPU
	EndGlobalSection
	GlobalSection(SolutionProperties) = preSolution
		HideSolutionNode = FALSE
	EndGlobalSection
	GlobalSection(ExtensibilityGlobals) = postSolution
		SolutionGuid = {91746FA7-027A-49D4-BB9D-AB71D9E906E8}
	EndGlobalSection
EndGlobal
