
Microsoft Visual Studio Solution File, Format Version 12.00
# Visual Studio Version 17
VisualStudioVersion = 17.14.36310.24 d17.14
MinimumVisualStudioVersion = 10.0.40219.1
Project("{FAE04EC0-301F-11D3-BF4B-00C04F79EFBC}") = "Banking_Eception", "Banking_Eception.csproj", "{34445C98-15FC-4992-BA95-56DFB53EACAB}"
EndProject
Global
	GlobalSection(SolutionConfigurationPlatforms) = preSolution
		Debug|Any CPU = Debug|Any CPU
		Release|Any CPU = Release|Any CPU
	EndGlobalSection
	GlobalSection(ProjectConfigurationPlatforms) = postSolution
		{34445C98-15FC-4992-BA95-56DFB53EACAB}.Debug|Any CPU.ActiveCfg = Debug|Any CPU
		{34445C98-15FC-4992-BA95-56DFB53EACAB}.Debug|Any CPU.Build.0 = Debug|Any CPU
		{34445C98-15FC-4992-BA95-56DFB53EACAB}.Release|Any CPU.ActiveCfg = Release|Any CPU
		{34445C98-15FC-4992-BA95-56DFB53EACAB}.Release|Any CPU.Build.0 = Release|Any CPU
	EndGlobalSection
	GlobalSection(SolutionProperties) = preSolution
		HideSolutionNode = FALSE
	EndGlobalSection
	GlobalSection(ExtensibilityGlobals) = postSolution
		SolutionGuid = {A4734D76-279B-4C03-ABDF-B67DFB9A8AB8}
	EndGlobalSection
EndGlobal
